// !$*UTF8*$!
{
	archiveVersion = 1;
	classes = {
	};
	objectVersion = 56;
	objects = {

/* Begin PBXBuildFile section */
		FDDE2F1A2A95174500BF2788 /* EquipmentDto.swift in Sources */ = {isa = PBXBuildFile; fileRef = FDDE2F192A95174500BF2788 /* EquipmentDto.swift */; };
		FDDE2F1C2A9519D800BF2788 /* EquipmentModel.swift in Sources */ = {isa = PBXBuildFile; fileRef = FDDE2F1B2A9519D800BF2788 /* EquipmentModel.swift */; };
		FDDE2F1F2A951D1A00BF2788 /* EquipmentService.swift in Sources */ = {isa = PBXBuildFile; fileRef = FDDE2F1E2A951D1A00BF2788 /* EquipmentService.swift */; };
		FDDE2F222A951E2F00BF2788 /* ServiceError.swift in Sources */ = {isa = PBXBuildFile; fileRef = FDDE2F212A951E2F00BF2788 /* ServiceError.swift */; };
		FDDED00A2A93E2F0003546BC /* AppDelegate.swift in Sources */ = {isa = PBXBuildFile; fileRef = FDDED0092A93E2F0003546BC /* AppDelegate.swift */; };
		FDDED00C2A93E2F0003546BC /* SceneDelegate.swift in Sources */ = {isa = PBXBuildFile; fileRef = FDDED00B2A93E2F0003546BC /* SceneDelegate.swift */; };
		FDDED00E2A93E2F0003546BC /* ViewController.swift in Sources */ = {isa = PBXBuildFile; fileRef = FDDED00D2A93E2F0003546BC /* ViewController.swift */; };
		FDDED0132A93E2F6003546BC /* Assets.xcassets in Resources */ = {isa = PBXBuildFile; fileRef = FDDED0122A93E2F6003546BC /* Assets.xcassets */; };
		FDDED0162A93E2F6003546BC /* LaunchScreen.storyboard in Resources */ = {isa = PBXBuildFile; fileRef = FDDED0142A93E2F6003546BC /* LaunchScreen.storyboard */; };
/* End PBXBuildFile section */

/* Begin PBXFileReference section */
		FDDE2F192A95174500BF2788 /* EquipmentDto.swift */ = {isa = PBXFileReference; lastKnownFileType = sourcecode.swift; path = EquipmentDto.swift; sourceTree = "<group>"; };
		FDDE2F1B2A9519D800BF2788 /* EquipmentModel.swift */ = {isa = PBXFileReference; lastKnownFileType = sourcecode.swift; path = EquipmentModel.swift; sourceTree = "<group>"; };
		FDDE2F1E2A951D1A00BF2788 /* EquipmentService.swift */ = {isa = PBXFileReference; lastKnownFileType = sourcecode.swift; path = EquipmentService.swift; sourceTree = "<group>"; };
		FDDE2F212A951E2F00BF2788 /* ServiceError.swift */ = {isa = PBXFileReference; lastKnownFileType = sourcecode.swift; path = ServiceError.swift; sourceTree = "<group>"; };
		FDDED0062A93E2F0003546BC /* BootcampTestTask.app */ = {isa = PBXFileReference; explicitFileType = wrapper.application; includeInIndex = 0; path = BootcampTestTask.app; sourceTree = BUILT_PRODUCTS_DIR; };
		FDDED0092A93E2F0003546BC /* AppDelegate.swift */ = {isa = PBXFileReference; lastKnownFileType = sourcecode.swift; path = AppDelegate.swift; sourceTree = "<group>"; };
		FDDED00B2A93E2F0003546BC /* SceneDelegate.swift */ = {isa = PBXFileReference; lastKnownFileType = sourcecode.swift; path = SceneDelegate.swift; sourceTree = "<group>"; };
		FDDED00D2A93E2F0003546BC /* ViewController.swift */ = {isa = PBXFileReference; lastKnownFileType = sourcecode.swift; path = ViewController.swift; sourceTree = "<group>"; };
		FDDED0122A93E2F6003546BC /* Assets.xcassets */ = {isa = PBXFileReference; lastKnownFileType = folder.assetcatalog; path = Assets.xcassets; sourceTree = "<group>"; };
		FDDED0152A93E2F6003546BC /* Base */ = {isa = PBXFileReference; lastKnownFileType = file.storyboard; name = Base; path = Base.lproj/LaunchScreen.storyboard; sourceTree = "<group>"; };
		FDDED0172A93E2F6003546BC /* Info.plist */ = {isa = PBXFileReference; lastKnownFileType = text.plist.xml; path = Info.plist; sourceTree = "<group>"; };
/* End PBXFileReference section */

/* Begin PBXFrameworksBuildPhase section */
		FDDED0032A93E2F0003546BC /* Frameworks */ = {
			isa = PBXFrameworksBuildPhase;
			buildActionMask = 2147483647;
			files = (
			);
			runOnlyForDeploymentPostprocessing = 0;
		};
/* End PBXFrameworksBuildPhase section */

/* Begin PBXGroup section */
		FDDE2F172A950EAE00BF2788 /* Models */ = {
			isa = PBXGroup;
			children = (
				FDDE2F182A95171E00BF2788 /* Dto */,
				FDDE2F1B2A9519D800BF2788 /* EquipmentModel.swift */,
			);
			path = Models;
			sourceTree = "<group>";
		};
		FDDE2F182A95171E00BF2788 /* Dto */ = {
			isa = PBXGroup;
			children = (
				FDDE2F192A95174500BF2788 /* EquipmentDto.swift */,
			);
			path = Dto;
			sourceTree = "<group>";
		};
		FDDE2F1D2A951D0B00BF2788 /* Services */ = {
			isa = PBXGroup;
			children = (
				FDDE2F202A951E1C00BF2788 /* Networking */,
				FDDE2F212A951E2F00BF2788 /* ServiceError.swift */,
			);
			path = Services;
			sourceTree = "<group>";
		};
		FDDE2F202A951E1C00BF2788 /* Networking */ = {
			isa = PBXGroup;
			children = (
				FDDE2F1E2A951D1A00BF2788 /* EquipmentService.swift */,
			);
			path = Networking;
			sourceTree = "<group>";
		};
		FDDECFFD2A93E2F0003546BC = {
			isa = PBXGroup;
			children = (
				FDDED0082A93E2F0003546BC /* BootcampTestTask */,
				FDDED0072A93E2F0003546BC /* Products */,
			);
			sourceTree = "<group>";
		};
		FDDED0072A93E2F0003546BC /* Products */ = {
			isa = PBXGroup;
			children = (
				FDDED0062A93E2F0003546BC /* BootcampTestTask.app */,
			);
			name = Products;
			sourceTree = "<group>";
		};
		FDDED0082A93E2F0003546BC /* BootcampTestTask */ = {
			isa = PBXGroup;
			children = (
				FDDE2F1D2A951D0B00BF2788 /* Services */,
				FDDE2F172A950EAE00BF2788 /* Models */,
				FDDED01E2A93E9CD003546BC /* Resources */,
				FDDED01D2A93E976003546BC /* SupportingFiles */,
				FDDED00D2A93E2F0003546BC /* ViewController.swift */,
			);
			path = BootcampTestTask;
			sourceTree = "<group>";
		};
		FDDED01D2A93E976003546BC /* SupportingFiles */ = {
			isa = PBXGroup;
			children = (
				FDDED0092A93E2F0003546BC /* AppDelegate.swift */,
				FDDED00B2A93E2F0003546BC /* SceneDelegate.swift */,
				FDDED0142A93E2F6003546BC /* LaunchScreen.storyboard */,
				FDDED0172A93E2F6003546BC /* Info.plist */,
			);
			path = SupportingFiles;
			sourceTree = "<group>";
		};
		FDDED01E2A93E9CD003546BC /* Resources */ = {
			isa = PBXGroup;
			children = (
				FDDED0122A93E2F6003546BC /* Assets.xcassets */,
			);
			path = Resources;
			sourceTree = "<group>";
		};
/* End PBXGroup section */

/* Begin PBXNativeTarget section */
		FDDED0052A93E2F0003546BC /* BootcampTestTask */ = {
			isa = PBXNativeTarget;
			buildConfigurationList = FDDED01A2A93E2F6003546BC /* Build configuration list for PBXNativeTarget "BootcampTestTask" */;
			buildPhases = (
				FDDED0022A93E2F0003546BC /* Sources */,
				FDDED0032A93E2F0003546BC /* Frameworks */,
				FDDED0042A93E2F0003546BC /* Resources */,
			);
			buildRules = (
			);
			dependencies = (
			);
			name = BootcampTestTask;
			productName = BootcampTestTask;
			productReference = FDDED0062A93E2F0003546BC /* BootcampTestTask.app */;
			productType = "com.apple.product-type.application";
		};
/* End PBXNativeTarget section */

/* Begin PBXProject section */
		FDDECFFE2A93E2F0003546BC /* Project object */ = {
			isa = PBXProject;
			attributes = {
				BuildIndependentTargetsInParallel = 1;
				LastSwiftUpdateCheck = 1430;
				LastUpgradeCheck = 1430;
				TargetAttributes = {
					FDDED0052A93E2F0003546BC = {
						CreatedOnToolsVersion = 14.3.1;
					};
				};
			};
			buildConfigurationList = FDDED0012A93E2F0003546BC /* Build configuration list for PBXProject "BootcampTestTask" */;
			compatibilityVersion = "Xcode 14.0";
			developmentRegion = en;
			hasScannedForEncodings = 0;
			knownRegions = (
				en,
				Base,
			);
			mainGroup = FDDECFFD2A93E2F0003546BC;
			productRefGroup = FDDED0072A93E2F0003546BC /* Products */;
			projectDirPath = "";
			projectRoot = "";
			targets = (
				FDDED0052A93E2F0003546BC /* BootcampTestTask */,
			);
		};
/* End PBXProject section */

/* Begin PBXResourcesBuildPhase section */
		FDDED0042A93E2F0003546BC /* Resources */ = {
			isa = PBXResourcesBuildPhase;
			buildActionMask = 2147483647;
			files = (
				FDDED0162A93E2F6003546BC /* LaunchScreen.storyboard in Resources */,
				FDDED0132A93E2F6003546BC /* Assets.xcassets in Resources */,
			);
			runOnlyForDeploymentPostprocessing = 0;
		};
/* End PBXResourcesBuildPhase section */

/* Begin PBXSourcesBuildPhase section */
		FDDED0022A93E2F0003546BC /* Sources */ = {
			isa = PBXSourcesBuildPhase;
			buildActionMask = 2147483647;
			files = (
				FDDE2F1A2A95174500BF2788 /* EquipmentDto.swift in Sources */,
				FDDE2F1C2A9519D800BF2788 /* EquipmentModel.swift in Sources */,
				FDDED00E2A93E2F0003546BC /* ViewController.swift in Sources */,
				FDDED00A2A93E2F0003546BC /* AppDelegate.swift in Sources */,
				FDDE2F1F2A951D1A00BF2788 /* EquipmentService.swift in Sources */,
				FDDE2F222A951E2F00BF2788 /* ServiceError.swift in Sources */,
				FDDED00C2A93E2F0003546BC /* SceneDelegate.swift in Sources */,
			);
			runOnlyForDeploymentPostprocessing = 0;
		};
/* End PBXSourcesBuildPhase section */

/* Begin PBXVariantGroup section */
		FDDED0142A93E2F6003546BC /* LaunchScreen.storyboard */ = {
			isa = PBXVariantGroup;
			children = (
				FDDED0152A93E2F6003546BC /* Base */,
			);
			name = LaunchScreen.storyboard;
			sourceTree = "<group>";
		};
/* End PBXVariantGroup section */

/* Begin XCBuildConfiguration section */
		FDDED0182A93E2F6003546BC /* Debug */ = {
			isa = XCBuildConfiguration;
			buildSettings = {
				ALWAYS_SEARCH_USER_PATHS = NO;
				CLANG_ANALYZER_NONNULL = YES;
				CLANG_ANALYZER_NUMBER_OBJECT_CONVERSION = YES_AGGRESSIVE;
				CLANG_CXX_LANGUAGE_STANDARD = "gnu++20";
				CLANG_ENABLE_MODULES = YES;
				CLANG_ENABLE_OBJC_ARC = YES;
				CLANG_ENABLE_OBJC_WEAK = YES;
				CLANG_WARN_BLOCK_CAPTURE_AUTORELEASING = YES;
				CLANG_WARN_BOOL_CONVERSION = YES;
				CLANG_WARN_COMMA = YES;
				CLANG_WARN_CONSTANT_CONVERSION = YES;
				CLANG_WARN_DEPRECATED_OBJC_IMPLEMENTATIONS = YES;
				CLANG_WARN_DIRECT_OBJC_ISA_USAGE = YES_ERROR;
				CLANG_WARN_DOCUMENTATION_COMMENTS = YES;
				CLANG_WARN_EMPTY_BODY = YES;
				CLANG_WARN_ENUM_CONVERSION = YES;
				CLANG_WARN_INFINITE_RECURSION = YES;
				CLANG_WARN_INT_CONVERSION = YES;
				CLANG_WARN_NON_LITERAL_NULL_CONVERSION = YES;
				CLANG_WARN_OBJC_IMPLICIT_RETAIN_SELF = YES;
				CLANG_WARN_OBJC_LITERAL_CONVERSION = YES;
				CLANG_WARN_OBJC_ROOT_CLASS = YES_ERROR;
				CLANG_WARN_QUOTED_INCLUDE_IN_FRAMEWORK_HEADER = YES;
				CLANG_WARN_RANGE_LOOP_ANALYSIS = YES;
				CLANG_WARN_STRICT_PROTOTYPES = YES;
				CLANG_WARN_SUSPICIOUS_MOVE = YES;
				CLANG_WARN_UNGUARDED_AVAILABILITY = YES_AGGRESSIVE;
				CLANG_WARN_UNREACHABLE_CODE = YES;
				CLANG_WARN__DUPLICATE_METHOD_MATCH = YES;
				COPY_PHASE_STRIP = NO;
				DEBUG_INFORMATION_FORMAT = dwarf;
				ENABLE_STRICT_OBJC_MSGSEND = YES;
				ENABLE_TESTABILITY = YES;
				GCC_C_LANGUAGE_STANDARD = gnu11;
				GCC_DYNAMIC_NO_PIC = NO;
				GCC_NO_COMMON_BLOCKS = YES;
				GCC_OPTIMIZATION_LEVEL = 0;
				GCC_PREPROCESSOR_DEFINITIONS = (
					"DEBUG=1",
					"$(inherited)",
				);
				GCC_WARN_64_TO_32_BIT_CONVERSION = YES;
				GCC_WARN_ABOUT_RETURN_TYPE = YES_ERROR;
				GCC_WARN_UNDECLARED_SELECTOR = YES;
				GCC_WARN_UNINITIALIZED_AUTOS = YES_AGGRESSIVE;
				GCC_WARN_UNUSED_FUNCTION = YES;
				GCC_WARN_UNUSED_VARIABLE = YES;
				IPHONEOS_DEPLOYMENT_TARGET = 16.4;
				MTL_ENABLE_DEBUG_INFO = INCLUDE_SOURCE;
				MTL_FAST_MATH = YES;
				ONLY_ACTIVE_ARCH = YES;
				SDKROOT = iphoneos;
				SWIFT_ACTIVE_COMPILATION_CONDITIONS = DEBUG;
				SWIFT_OPTIMIZATION_LEVEL = "-Onone";
			};
			name = Debug;
		};
		FDDED0192A93E2F6003546BC /* Release */ = {
			isa = XCBuildConfiguration;
			buildSettings = {
				ALWAYS_SEARCH_USER_PATHS = NO;
				CLANG_ANALYZER_NONNULL = YES;
				CLANG_ANALYZER_NUMBER_OBJECT_CONVERSION = YES_AGGRESSIVE;
				CLANG_CXX_LANGUAGE_STANDARD = "gnu++20";
				CLANG_ENABLE_MODULES = YES;
				CLANG_ENABLE_OBJC_ARC = YES;
				CLANG_ENABLE_OBJC_WEAK = YES;
				CLANG_WARN_BLOCK_CAPTURE_AUTORELEASING = YES;
				CLANG_WARN_BOOL_CONVERSION = YES;
				CLANG_WARN_COMMA = YES;
				CLANG_WARN_CONSTANT_CONVERSION = YES;
				CLANG_WARN_DEPRECATED_OBJC_IMPLEMENTATIONS = YES;
				CLANG_WARN_DIRECT_OBJC_ISA_USAGE = YES_ERROR;
				CLANG_WARN_DOCUMENTATION_COMMENTS = YES;
				CLANG_WARN_EMPTY_BODY = YES;
				CLANG_WARN_ENUM_CONVERSION = YES;
				CLANG_WARN_INFINITE_RECURSION = YES;
				CLANG_WARN_INT_CONVERSION = YES;
				CLANG_WARN_NON_LITERAL_NULL_CONVERSION = YES;
				CLANG_WARN_OBJC_IMPLICIT_RETAIN_SELF = YES;
				CLANG_WARN_OBJC_LITERAL_CONVERSION = YES;
				CLANG_WARN_OBJC_ROOT_CLASS = YES_ERROR;
				CLANG_WARN_QUOTED_INCLUDE_IN_FRAMEWORK_HEADER = YES;
				CLANG_WARN_RANGE_LOOP_ANALYSIS = YES;
				CLANG_WARN_STRICT_PROTOTYPES = YES;
				CLANG_WARN_SUSPICIOUS_MOVE = YES;
				CLANG_WARN_UNGUARDED_AVAILABILITY = YES_AGGRESSIVE;
				CLANG_WARN_UNREACHABLE_CODE = YES;
				CLANG_WARN__DUPLICATE_METHOD_MATCH = YES;
				COPY_PHASE_STRIP = NO;
				DEBUG_INFORMATION_FORMAT = "dwarf-with-dsym";
				ENABLE_NS_ASSERTIONS = NO;
				ENABLE_STRICT_OBJC_MSGSEND = YES;
				GCC_C_LANGUAGE_STANDARD = gnu11;
				GCC_NO_COMMON_BLOCKS = YES;
				GCC_WARN_64_TO_32_BIT_CONVERSION = YES;
				GCC_WARN_ABOUT_RETURN_TYPE = YES_ERROR;
				GCC_WARN_UNDECLARED_SELECTOR = YES;
				GCC_WARN_UNINITIALIZED_AUTOS = YES_AGGRESSIVE;
				GCC_WARN_UNUSED_FUNCTION = YES;
				GCC_WARN_UNUSED_VARIABLE = YES;
				IPHONEOS_DEPLOYMENT_TARGET = 16.4;
				MTL_ENABLE_DEBUG_INFO = NO;
				MTL_FAST_MATH = YES;
				SDKROOT = iphoneos;
				SWIFT_COMPILATION_MODE = wholemodule;
				SWIFT_OPTIMIZATION_LEVEL = "-O";
				VALIDATE_PRODUCT = YES;
			};
			name = Release;
		};
		FDDED01B2A93E2F6003546BC /* Debug */ = {
			isa = XCBuildConfiguration;
			buildSettings = {
				ASSETCATALOG_COMPILER_APPICON_NAME = AppIcon;
				ASSETCATALOG_COMPILER_GLOBAL_ACCENT_COLOR_NAME = AccentColor;
				CODE_SIGN_STYLE = Automatic;
				CURRENT_PROJECT_VERSION = 1;
				GENERATE_INFOPLIST_FILE = YES;
				INFOPLIST_FILE = BootcampTestTask/SupportingFiles/Info.plist;
				INFOPLIST_KEY_UIApplicationSupportsIndirectInputEvents = YES;
				INFOPLIST_KEY_UILaunchStoryboardName = LaunchScreen;
				INFOPLIST_KEY_UISupportedInterfaceOrientations_iPad = "UIInterfaceOrientationPortrait UIInterfaceOrientationPortraitUpsideDown UIInterfaceOrientationLandscapeLeft UIInterfaceOrientationLandscapeRight";
				INFOPLIST_KEY_UISupportedInterfaceOrientations_iPhone = "UIInterfaceOrientationPortrait UIInterfaceOrientationLandscapeLeft UIInterfaceOrientationLandscapeRight";
				IPHONEOS_DEPLOYMENT_TARGET = 13.0;
				LD_RUNPATH_SEARCH_PATHS = (
					"$(inherited)",
					"@executable_path/Frameworks",
				);
				MARKETING_VERSION = 1.0;
				PRODUCT_BUNDLE_IDENTIFIER = com.RomanIvanov.BootcampTestTask;
				PRODUCT_NAME = "$(TARGET_NAME)";
				SWIFT_EMIT_LOC_STRINGS = YES;
				SWIFT_VERSION = 5.0;
				TARGETED_DEVICE_FAMILY = "1,2";
			};
			name = Debug;
		};
		FDDED01C2A93E2F6003546BC /* Release */ = {
			isa = XCBuildConfiguration;
			buildSettings = {
				ASSETCATALOG_COMPILER_APPICON_NAME = AppIcon;
				ASSETCATALOG_COMPILER_GLOBAL_ACCENT_COLOR_NAME = AccentColor;
				CODE_SIGN_STYLE = Automatic;
				CURRENT_PROJECT_VERSION = 1;
				GENERATE_INFOPLIST_FILE = YES;
				INFOPLIST_FILE = BootcampTestTask/SupportingFiles/Info.plist;
				INFOPLIST_KEY_UIApplicationSupportsIndirectInputEvents = YES;
				INFOPLIST_KEY_UILaunchStoryboardName = LaunchScreen;
				INFOPLIST_KEY_UISupportedInterfaceOrientations_iPad = "UIInterfaceOrientationPortrait UIInterfaceOrientationPortraitUpsideDown UIInterfaceOrientationLandscapeLeft UIInterfaceOrientationLandscapeRight";
				INFOPLIST_KEY_UISupportedInterfaceOrientations_iPhone = "UIInterfaceOrientationPortrait UIInterfaceOrientationLandscapeLeft UIInterfaceOrientationLandscapeRight";
				IPHONEOS_DEPLOYMENT_TARGET = 13.0;
				LD_RUNPATH_SEARCH_PATHS = (
					"$(inherited)",
					"@executable_path/Frameworks",
				);
				MARKETING_VERSION = 1.0;
				PRODUCT_BUNDLE_IDENTIFIER = com.RomanIvanov.BootcampTestTask;
				PRODUCT_NAME = "$(TARGET_NAME)";
				SWIFT_EMIT_LOC_STRINGS = YES;
				SWIFT_VERSION = 5.0;
				TARGETED_DEVICE_FAMILY = "1,2";
			};
			name = Release;
		};
/* End XCBuildConfiguration section */

/* Begin XCConfigurationList section */
		FDDED0012A93E2F0003546BC /* Build configuration list for PBXProject "BootcampTestTask" */ = {
			isa = XCConfigurationList;
			buildConfigurations = (
				FDDED0182A93E2F6003546BC /* Debug */,
				FDDED0192A93E2F6003546BC /* Release */,
			);
			defaultConfigurationIsVisible = 0;
			defaultConfigurationName = Release;
		};
		FDDED01A2A93E2F6003546BC /* Build configuration list for PBXNativeTarget "BootcampTestTask" */ = {
			isa = XCConfigurationList;
			buildConfigurations = (
				FDDED01B2A93E2F6003546BC /* Debug */,
				FDDED01C2A93E2F6003546BC /* Release */,
			);
			defaultConfigurationIsVisible = 0;
			defaultConfigurationName = Release;
		};
/* End XCConfigurationList section */
	};
	rootObject = FDDECFFE2A93E2F0003546BC /* Project object */;
}
